
Microsoft Visual Studio Solution File, Format Version 12.00
# Visual Studio Version 16
VisualStudioVersion = 16.0.28803.202
MinimumVisualStudioVersion = 10.0.40219.1
Project("{FAE04EC0-301F-11D3-BF4B-00C04F79EFBC}") = "SpanDemo", "SpanDemo\SpanDemo.csproj", "{2FCA2D1F-D4C3-4D0E-9D18-9F7B0AD78AC6}"
EndProject
Global
	GlobalSection(SolutionConfigurationPlatforms) = preSolution
		Debug|Any CPU = Debug|Any CPU
		Release|Any CPU = Release|Any CPU
	EndGlobalSection
	GlobalSection(ProjectConfigurationPlatforms) = postSolution
		{2FCA2D1F-D4C3-4D0E-9D18-9F7B0AD78AC6}.Debug|Any CPU.ActiveCfg = Debug|Any CPU
		{2FCA2D1F-D4C3-4D0E-9D18-9F7B0AD78AC6}.Debug|Any CPU.Build.0 = Debug|Any CPU
		{2FCA2D1F-D4C3-4D0E-9D18-9F7B0AD78AC6}.Release|Any CPU.ActiveCfg = Release|Any CPU
		{2FCA2D1F-D4C3-4D0E-9D18-9F7B0AD78AC6}.Release|Any CPU.Build.0 = Release|Any CPU
	EndGlobalSection
	GlobalSection(SolutionProperties) = preSolution
		HideSolutionNode = FALSE
	EndGlobalSection
	GlobalSection(ExtensibilityGlobals) = postSolution
		SolutionGuid = {814864D0-E42B-43A6-A40E-97A9B2BA75BA}
	EndGlobalSection
EndGlobal
